
Microsoft Visual Studio Solution File, Format Version 12.00
# Visual Studio 2013
VisualStudioVersion = 12.0.31101.0
MinimumVisualStudioVersion = 10.0.40219.1
Project("{FAE04EC0-301F-11D3-BF4B-00C04F79EFBC}") = "MyMvcWebApp", "MyMvcWebApp\MyMvcWebApp.csproj", "{06ABE592-B7D8-4405-9527-536914A03650}"
EndProject
Project("{FAE04EC0-301F-11D3-BF4B-00C04F79EFBC}") = "MyMvcWebApp.UnitTests", "MyMvcWebApp.UnitTests\MyMvcWebApp.UnitTests.csproj", "{A39CA6CA-74C4-4067-A607-454F5A72261A}"
EndProject
Project("{2150E333-8FDC-42A3-9474-1A3956D46DE8}") = "UnitTests", "UnitTests", "{B0CE2598-09A9-4DB8-B42B-2FF03EED3621}"
EndProject
Global
	GlobalSection(SolutionConfigurationPlatforms) = preSolution
		Debug|Any CPU = Debug|Any CPU
		Release|Any CPU = Release|Any CPU
	EndGlobalSection
	GlobalSection(ProjectConfigurationPlatforms) = postSolution
		{06ABE592-B7D8-4405-9527-536914A03650}.Debug|Any CPU.ActiveCfg = Debug|Any CPU
		{06ABE592-B7D8-4405-9527-536914A03650}.Debug|Any CPU.Build.0 = Debug|Any CPU
		{06ABE592-B7D8-4405-9527-536914A03650}.Release|Any CPU.ActiveCfg = Release|Any CPU
		{06ABE592-B7D8-4405-9527-536914A03650}.Release|Any CPU.Build.0 = Release|Any CPU
		{A39CA6CA-74C4-4067-A607-454F5A72261A}.Debug|Any CPU.ActiveCfg = Debug|Any CPU
		{A39CA6CA-74C4-4067-A607-454F5A72261A}.Debug|Any CPU.Build.0 = Debug|Any CPU
		{A39CA6CA-74C4-4067-A607-454F5A72261A}.Release|Any CPU.ActiveCfg = Release|Any CPU
		{A39CA6CA-74C4-4067-A607-454F5A72261A}.Release|Any CPU.Build.0 = Release|Any CPU
	EndGlobalSection
	GlobalSection(SolutionProperties) = preSolution
		HideSolutionNode = FALSE
	EndGlobalSection
	GlobalSection(NestedProjects) = preSolution
		{A39CA6CA-74C4-4067-A607-454F5A72261A} = {B0CE2598-09A9-4DB8-B42B-2FF03EED3621}
	EndGlobalSection
EndGlobal
